// !$*UTF8*$!
{
	archiveVersion = 1;
	classes = {
	};
	objectVersion = 48;
	objects = {

/* Begin PBXBuildFile section */
		56A985AB2040E6DF0034F165 /* AppDelegate.swift in Sources */ = {isa = PBXBuildFile; fileRef = 56A985AA2040E6DF0034F165 /* AppDelegate.swift */; };
		56A985AD2040E6DF0034F165 /* MasterViewController.swift in Sources */ = {isa = PBXBuildFile; fileRef = 56A985AC2040E6DF0034F165 /* MasterViewController.swift */; };
		56A985AF2040E6DF0034F165 /* DetailViewController.swift in Sources */ = {isa = PBXBuildFile; fileRef = 56A985AE2040E6DF0034F165 /* DetailViewController.swift */; };
		56A985B22040E6DF0034F165 /* Main.storyboard in Resources */ = {isa = PBXBuildFile; fileRef = 56A985B02040E6DF0034F165 /* Main.storyboard */; };
		56A985B42040E6DF0034F165 /* Assets.xcassets in Resources */ = {isa = PBXBuildFile; fileRef = 56A985B32040E6DF0034F165 /* Assets.xcassets */; };
		56A985B72040E6DF0034F165 /* LaunchScreen.storyboard in Resources */ = {isa = PBXBuildFile; fileRef = 56A985B52040E6DF0034F165 /* LaunchScreen.storyboard */; };
		56A985BF2040E7B00034F165 /* fireflycharacters.plist in Resources */ = {isa = PBXBuildFile; fileRef = 56A985BE2040E7B00034F165 /* fireflycharacters.plist */; };
/* End PBXBuildFile section */

/* Begin PBXFileReference section */
		56A985A72040E6DF0034F165 /* Firefly.app */ = {isa = PBXFileReference; explicitFileType = wrapper.application; includeInIndex = 0; path = Firefly.app; sourceTree = BUILT_PRODUCTS_DIR; };
		56A985AA2040E6DF0034F165 /* AppDelegate.swift */ = {isa = PBXFileReference; lastKnownFileType = sourcecode.swift; path = AppDelegate.swift; sourceTree = "<group>"; };
		56A985AC2040E6DF0034F165 /* MasterViewController.swift */ = {isa = PBXFileReference; lastKnownFileType = sourcecode.swift; path = MasterViewController.swift; sourceTree = "<group>"; };
		56A985AE2040E6DF0034F165 /* DetailViewController.swift */ = {isa = PBXFileReference; lastKnownFileType = sourcecode.swift; path = DetailViewController.swift; sourceTree = "<group>"; };
		56A985B12040E6DF0034F165 /* Base */ = {isa = PBXFileReference; lastKnownFileType = file.storyboard; name = Base; path = Base.lproj/Main.storyboard; sourceTree = "<group>"; };
		56A985B32040E6DF0034F165 /* Assets.xcassets */ = {isa = PBXFileReference; lastKnownFileType = folder.assetcatalog; path = Assets.xcassets; sourceTree = "<group>"; };
		56A985B62040E6DF0034F165 /* Base */ = {isa = PBXFileReference; lastKnownFileType = file.storyboard; name = Base; path = Base.lproj/LaunchScreen.storyboard; sourceTree = "<group>"; };
		56A985B82040E6DF0034F165 /* Info.plist */ = {isa = PBXFileReference; lastKnownFileType = text.plist.xml; path = Info.plist; sourceTree = "<group>"; };
		56A985BE2040E7B00034F165 /* fireflycharacters.plist */ = {isa = PBXFileReference; lastKnownFileType = text.plist.xml; path = fireflycharacters.plist; sourceTree = "<group>"; };
/* End PBXFileReference section */

/* Begin PBXFrameworksBuildPhase section */
		56A985A42040E6DF0034F165 /* Frameworks */ = {
			isa = PBXFrameworksBuildPhase;
			buildActionMask = 2147483647;
			files = (
			);
			runOnlyForDeploymentPostprocessing = 0;
		};
/* End PBXFrameworksBuildPhase section */

/* Begin PBXGroup section */
		56A9859E2040E6DF0034F165 = {
			isa = PBXGroup;
			children = (
				56A985A92040E6DF0034F165 /* Firefly */,
				56A985A82040E6DF0034F165 /* Products */,
			);
			sourceTree = "<group>";
		};
		56A985A82040E6DF0034F165 /* Products */ = {
			isa = PBXGroup;
			children = (
				56A985A72040E6DF0034F165 /* Firefly.app */,
			);
			name = Products;
			sourceTree = "<group>";
		};
		56A985A92040E6DF0034F165 /* Firefly */ = {
			isa = PBXGroup;
			children = (
				56A985AA2040E6DF0034F165 /* AppDelegate.swift */,
				56A985AC2040E6DF0034F165 /* MasterViewController.swift */,
				56A985AE2040E6DF0034F165 /* DetailViewController.swift */,
				56A985B02040E6DF0034F165 /* Main.storyboard */,
				56A985BE2040E7B00034F165 /* fireflycharacters.plist */,
				56A985B32040E6DF0034F165 /* Assets.xcassets */,
				56A985B52040E6DF0034F165 /* LaunchScreen.storyboard */,
				56A985B82040E6DF0034F165 /* Info.plist */,
			);
			path = Firefly;
			sourceTree = "<group>";
		};
/* End PBXGroup section */

/* Begin PBXNativeTarget section */
		56A985A62040E6DF0034F165 /* Firefly */ = {
			isa = PBXNativeTarget;
			buildConfigurationList = 56A985BB2040E6DF0034F165 /* Build configuration list for PBXNativeTarget "Firefly" */;
			buildPhases = (
				56A985A32040E6DF0034F165 /* Sources */,
				56A985A42040E6DF0034F165 /* Frameworks */,
				56A985A52040E6DF0034F165 /* Resources */,
			);
			buildRules = (
			);
			dependencies = (
			);
			name = Firefly;
			productName = Firefly;
			productReference = 56A985A72040E6DF0034F165 /* Firefly.app */;
			productType = "com.apple.product-type.application";
		};
/* End PBXNativeTarget section */

/* Begin PBXProject section */
		56A9859F2040E6DF0034F165 /* Project object */ = {
			isa = PBXProject;
			attributes = {
				LastSwiftUpdateCheck = 0920;
				LastUpgradeCheck = 0920;
				ORGANIZATIONNAME = "Sheila Doherty";
				TargetAttributes = {
					56A985A62040E6DF0034F165 = {
						CreatedOnToolsVersion = 9.2;
						ProvisioningStyle = Automatic;
					};
				};
			};
			buildConfigurationList = 56A985A22040E6DF0034F165 /* Build configuration list for PBXProject "Firefly" */;
			compatibilityVersion = "Xcode 8.0";
			developmentRegion = en;
			hasScannedForEncodings = 0;
			knownRegions = (
				en,
				Base,
			);
			mainGroup = 56A9859E2040E6DF0034F165;
			productRefGroup = 56A985A82040E6DF0034F165 /* Products */;
			projectDirPath = "";
			projectRoot = "";
			targets = (
				56A985A62040E6DF0034F165 /* Firefly */,
			);
		};
/* End PBXProject section */

/* Begin PBXResourcesBuildPhase section */
		56A985A52040E6DF0034F165 /* Resources */ = {
			isa = PBXResourcesBuildPhase;
			buildActionMask = 2147483647;
			files = (
				56A985B72040E6DF0034F165 /* LaunchScreen.storyboard in Resources */,
				56A985B42040E6DF0034F165 /* Assets.xcassets in Resources */,
				56A985BF2040E7B00034F165 /* fireflycharacters.plist in Resources */,
				56A985B22040E6DF0034F165 /* Main.storyboard in Resources */,
			);
			runOnlyForDeploymentPostprocessing = 0;
		};
/* End PBXResourcesBuildPhase section */

/* Begin PBXSourcesBuildPhase section */
		56A985A32040E6DF0034F165 /* Sources */ = {
			isa = PBXSourcesBuildPhase;
			buildActionMask = 2147483647;
			files = (
				56A985AF2040E6DF0034F165 /* DetailViewController.swift in Sources */,
				56A985AD2040E6DF0034F165 /* MasterViewController.swift in Sources */,
				56A985AB2040E6DF0034F165 /* AppDelegate.swift in Sources */,
			);
			runOnlyForDeploymentPostprocessing = 0;
		};
/* End PBXSourcesBuildPhase section */

/* Begin PBXVariantGroup section */
		56A985B02040E6DF0034F165 /* Main.storyboard */ = {
			isa = PBXVariantGroup;
			children = (
				56A985B12040E6DF0034F165 /* Base */,
			);
			name = Main.storyboard;
			sourceTree = "<group>";
		};
		56A985B52040E6DF0034F165 /* LaunchScreen.storyboard */ = {
			isa = PBXVariantGroup;
			children = (
				56A985B62040E6DF0034F165 /* Base */,
			);
			name = LaunchScreen.storyboard;
			sourceTree = "<group>";
		};
/* End PBXVariantGroup section */

/* Begin XCBuildConfiguration section */
		56A985B92040E6DF0034F165 /* Debug */ = {
			isa = XCBuildConfiguration;
			buildSettings = {
				ALWAYS_SEARCH_USER_PATHS = NO;
				CLANG_ANALYZER_NONNULL = YES;
				CLANG_ANALYZER_NUMBER_OBJECT_CONVERSION = YES_AGGRESSIVE;
				CLANG_CXX_LANGUAGE_STANDARD = "gnu++14";
				CLANG_CXX_LIBRARY = "libc++";
				CLANG_ENABLE_MODULES = YES;
				CLANG_ENABLE_OBJC_ARC = YES;
				CLANG_WARN_BLOCK_CAPTURE_AUTORELEASING = YES;
				CLANG_WARN_BOOL_CONVERSION = YES;
				CLANG_WARN_COMMA = YES;
				CLANG_WARN_CONSTANT_CONVERSION = YES;
				CLANG_WARN_DIRECT_OBJC_ISA_USAGE = YES_ERROR;
				CLANG_WARN_DOCUMENTATION_COMMENTS = YES;
				CLANG_WARN_EMPTY_BODY = YES;
				CLANG_WARN_ENUM_CONVERSION = YES;
				CLANG_WARN_INFINITE_RECURSION = YES;
				CLANG_WARN_INT_CONVERSION = YES;
				CLANG_WARN_NON_LITERAL_NULL_CONVERSION = YES;
				CLANG_WARN_OBJC_LITERAL_CONVERSION = YES;
				CLANG_WARN_OBJC_ROOT_CLASS = YES_ERROR;
				CLANG_WARN_RANGE_LOOP_ANALYSIS = YES;
				CLANG_WARN_STRICT_PROTOTYPES = YES;
				CLANG_WARN_SUSPICIOUS_MOVE = YES;
				CLANG_WARN_UNGUARDED_AVAILABILITY = YES_AGGRESSIVE;
				CLANG_WARN_UNREACHABLE_CODE = YES;
				CLANG_WARN__DUPLICATE_METHOD_MATCH = YES;
				CODE_SIGN_IDENTITY = "iPhone Developer";
				COPY_PHASE_STRIP = NO;
				DEBUG_INFORMATION_FORMAT = dwarf;
				ENABLE_STRICT_OBJC_MSGSEND = YES;
				ENABLE_TESTABILITY = YES;
				GCC_C_LANGUAGE_STANDARD = gnu11;
				GCC_DYNAMIC_NO_PIC = NO;
				GCC_NO_COMMON_BLOCKS = YES;
				GCC_OPTIMIZATION_LEVEL = 0;
				GCC_PREPROCESSOR_DEFINITIONS = (
					"DEBUG=1",
					"$(inherited)",
				);
				GCC_WARN_64_TO_32_BIT_CONVERSION = YES;
				GCC_WARN_ABOUT_RETURN_TYPE = YES_ERROR;
				GCC_WARN_UNDECLARED_SELECTOR = YES;
				GCC_WARN_UNINITIALIZED_AUTOS = YES_AGGRESSIVE;
				GCC_WARN_UNUSED_FUNCTION = YES;
				GCC_WARN_UNUSED_VARIABLE = YES;
				IPHONEOS_DEPLOYMENT_TARGET = 11.2;
				MTL_ENABLE_DEBUG_INFO = YES;
				ONLY_ACTIVE_ARCH = YES;
				SDKROOT = iphoneos;
				SWIFT_ACTIVE_COMPILATION_CONDITIONS = DEBUG;
				SWIFT_OPTIMIZATION_LEVEL = "-Onone";
			};
			name = Debug;
		};
		56A985BA2040E6DF0034F165 /* Release */ = {
			isa = XCBuildConfiguration;
			buildSettings = {
				ALWAYS_SEARCH_USER_PATHS = NO;
				CLANG_ANALYZER_NONNULL = YES;
				CLANG_ANALYZER_NUMBER_OBJECT_CONVERSION = YES_AGGRESSIVE;
				CLANG_CXX_LANGUAGE_STANDARD = "gnu++14";
				CLANG_CXX_LIBRARY = "libc++";
				CLANG_ENABLE_MODULES = YES;
				CLANG_ENABLE_OBJC_ARC = YES;
				CLANG_WARN_BLOCK_CAPTURE_AUTORELEASING = YES;
				CLANG_WARN_BOOL_CONVERSION = YES;
				CLANG_WARN_COMMA = YES;
				CLANG_WARN_CONSTANT_CONVERSION = YES;
				CLANG_WARN_DIRECT_OBJC_ISA_USAGE = YES_ERROR;
				CLANG_WARN_DOCUMENTATION_COMMENTS = YES;
				CLANG_WARN_EMPTY_BODY = YES;
				CLANG_WARN_ENUM_CONVERSION = YES;
				CLANG_WARN_INFINITE_RECURSION = YES;
				CLANG_WARN_INT_CONVERSION = YES;
				CLANG_WARN_NON_LITERAL_NULL_CONVERSION = YES;
				CLANG_WARN_OBJC_LITERAL_CONVERSION = YES;
				CLANG_WARN_OBJC_ROOT_CLASS = YES_ERROR;
				CLANG_WARN_RANGE_LOOP_ANALYSIS = YES;
				CLANG_WARN_STRICT_PROTOTYPES = YES;
				CLANG_WARN_SUSPICIOUS_MOVE = YES;
				CLANG_WARN_UNGUARDED_AVAILABILITY = YES_AGGRESSIVE;
				CLANG_WARN_UNREACHABLE_CODE = YES;
				CLANG_WARN__DUPLICATE_METHOD_MATCH = YES;
				CODE_SIGN_IDENTITY = "iPhone Developer";
				COPY_PHASE_STRIP = NO;
				DEBUG_INFORMATION_FORMAT = "dwarf-with-dsym";
				ENABLE_NS_ASSERTIONS = NO;
				ENABLE_STRICT_OBJC_MSGSEND = YES;
				GCC_C_LANGUAGE_STANDARD = gnu11;
				GCC_NO_COMMON_BLOCKS = YES;
				GCC_WARN_64_TO_32_BIT_CONVERSION = YES;
				GCC_WARN_ABOUT_RETURN_TYPE = YES_ERROR;
				GCC_WARN_UNDECLARED_SELECTOR = YES;
				GCC_WARN_UNINITIALIZED_AUTOS = YES_AGGRESSIVE;
				GCC_WARN_UNUSED_FUNCTION = YES;
				GCC_WARN_UNUSED_VARIABLE = YES;
				IPHONEOS_DEPLOYMENT_TARGET = 11.2;
				MTL_ENABLE_DEBUG_INFO = NO;
				SDKROOT = iphoneos;
				SWIFT_OPTIMIZATION_LEVEL = "-Owholemodule";
				VALIDATE_PRODUCT = YES;
			};
			name = Release;
		};
		56A985BC2040E6DF0034F165 /* Debug */ = {
			isa = XCBuildConfiguration;
			buildSettings = {
				ASSETCATALOG_COMPILER_APPICON_NAME = AppIcon;
				CODE_SIGN_STYLE = Automatic;
				DEVELOPMENT_TEAM = 86ZSSFU7C4;
				INFOPLIST_FILE = Firefly/Info.plist;
				LD_RUNPATH_SEARCH_PATHS = "$(inherited) @executable_path/Frameworks";
				PRODUCT_BUNDLE_IDENTIFIER = D6.Firefly;
				PRODUCT_NAME = "$(TARGET_NAME)";
				SWIFT_VERSION = 4.0;
				TARGETED_DEVICE_FAMILY = "1,2";
			};
			name = Debug;
		};
		56A985BD2040E6DF0034F165 /* Release */ = {
			isa = XCBuildConfiguration;
			buildSettings = {
				ASSETCATALOG_COMPILER_APPICON_NAME = AppIcon;
				CODE_SIGN_STYLE = Automatic;
				DEVELOPMENT_TEAM = 86ZSSFU7C4;
				INFOPLIST_FILE = Firefly/Info.plist;
				LD_RUNPATH_SEARCH_PATHS = "$(inherited) @executable_path/Frameworks";
				PRODUCT_BUNDLE_IDENTIFIER = D6.Firefly;
				PRODUCT_NAME = "$(TARGET_NAME)";
				SWIFT_VERSION = 4.0;
				TARGETED_DEVICE_FAMILY = "1,2";
			};
			name = Release;
		};
/* End XCBuildConfiguration section */

/* Begin XCConfigurationList section */
		56A985A22040E6DF0034F165 /* Build configuration list for PBXProject "Firefly" */ = {
			isa = XCConfigurationList;
			buildConfigurations = (
				56A985B92040E6DF0034F165 /* Debug */,
				56A985BA2040E6DF0034F165 /* Release */,
			);
			defaultConfigurationIsVisible = 0;
			defaultConfigurationName = Release;
		};
		56A985BB2040E6DF0034F165 /* Build configuration list for PBXNativeTarget "Firefly" */ = {
			isa = XCConfigurationList;
			buildConfigurations = (
				56A985BC2040E6DF0034F165 /* Debug */,
				56A985BD2040E6DF0034F165 /* Release */,
			);
			defaultConfigurationIsVisible = 0;
			defaultConfigurationName = Release;
		};
/* End XCConfigurationList section */
	};
	rootObject = 56A9859F2040E6DF0034F165 /* Project object */;
}
